
Microsoft Visual Studio Solution File, Format Version 12.00
# Visual Studio Version 16
VisualStudioVersion = 16.0.34301.259
MinimumVisualStudioVersion = 10.0.40219.1
Project("{8BC9CEB8-8B4A-11D0-8D11-00A0C91BC942}") = "30.8常用查找算法count_if", "30.8常用查找算法count_if.vcxproj", "{DEC39145-741D-46F9-AEEE-5F1B747FEF4C}"
EndProject
Global
	GlobalSection(SolutionConfigurationPlatforms) = preSolution
		Debug|x64 = Debug|x64
		Debug|x86 = Debug|x86
		Release|x64 = Release|x64
		Release|x86 = Release|x86
	EndGlobalSection
	GlobalSection(ProjectConfigurationPlatforms) = postSolution
		{DEC39145-741D-46F9-AEEE-5F1B747FEF4C}.Debug|x64.ActiveCfg = Debug|x64
		{DEC39145-741D-46F9-AEEE-5F1B747FEF4C}.Debug|x64.Build.0 = Debug|x64
		{DEC39145-741D-46F9-AEEE-5F1B747FEF4C}.Debug|x86.ActiveCfg = Debug|Win32
		{DEC39145-741D-46F9-AEEE-5F1B747FEF4C}.Debug|x86.Build.0 = Debug|Win32
		{DEC39145-741D-46F9-AEEE-5F1B747FEF4C}.Release|x64.ActiveCfg = Release|x64
		{DEC39145-741D-46F9-AEEE-5F1B747FEF4C}.Release|x64.Build.0 = Release|x64
		{DEC39145-741D-46F9-AEEE-5F1B747FEF4C}.Release|x86.ActiveCfg = Release|Win32
		{DEC39145-741D-46F9-AEEE-5F1B747FEF4C}.Release|x86.Build.0 = Release|Win32
	EndGlobalSection
	GlobalSection(SolutionProperties) = preSolution
		HideSolutionNode = FALSE
	EndGlobalSection
	GlobalSection(ExtensibilityGlobals) = postSolution
		SolutionGuid = {E597AA7B-AEC4-44ED-9C3D-5694CD217E14}
	EndGlobalSection
EndGlobal
