
Microsoft Visual Studio Solution File, Format Version 12.00
# Visual Studio Version 16
VisualStudioVersion = 16.0.34301.259
MinimumVisualStudioVersion = 10.0.40219.1
Project("{8BC9CEB8-8B4A-11D0-8D11-00A0C91BC942}") = "15.37类和多态_计算器的实现", "15.37类和多态_计算器的实现.vcxproj", "{F13B1AC6-8639-455A-AB32-CDAF44AD792E}"
EndProject
Global
	GlobalSection(SolutionConfigurationPlatforms) = preSolution
		Debug|x64 = Debug|x64
		Debug|x86 = Debug|x86
		Release|x64 = Release|x64
		Release|x86 = Release|x86
	EndGlobalSection
	GlobalSection(ProjectConfigurationPlatforms) = postSolution
		{F13B1AC6-8639-455A-AB32-CDAF44AD792E}.Debug|x64.ActiveCfg = Debug|x64
		{F13B1AC6-8639-455A-AB32-CDAF44AD792E}.Debug|x64.Build.0 = Debug|x64
		{F13B1AC6-8639-455A-AB32-CDAF44AD792E}.Debug|x86.ActiveCfg = Debug|Win32
		{F13B1AC6-8639-455A-AB32-CDAF44AD792E}.Debug|x86.Build.0 = Debug|Win32
		{F13B1AC6-8639-455A-AB32-CDAF44AD792E}.Release|x64.ActiveCfg = Release|x64
		{F13B1AC6-8639-455A-AB32-CDAF44AD792E}.Release|x64.Build.0 = Release|x64
		{F13B1AC6-8639-455A-AB32-CDAF44AD792E}.Release|x86.ActiveCfg = Release|Win32
		{F13B1AC6-8639-455A-AB32-CDAF44AD792E}.Release|x86.Build.0 = Release|Win32
	EndGlobalSection
	GlobalSection(SolutionProperties) = preSolution
		HideSolutionNode = FALSE
	EndGlobalSection
	GlobalSection(ExtensibilityGlobals) = postSolution
		SolutionGuid = {F238F9A6-3A0A-4D22-82AF-FFF6AA3C6153}
	EndGlobalSection
EndGlobal
