
Microsoft Visual Studio Solution File, Format Version 12.00
# Visual Studio Version 16
VisualStudioVersion = 16.0.34301.259
MinimumVisualStudioVersion = 10.0.40219.1
Project("{8BC9CEB8-8B4A-11D0-8D11-00A0C91BC942}") = "27.函数对象", "27.函数对象.vcxproj", "{7EDEC7F4-110E-415F-9022-D48E5F98CBD9}"
EndProject
Global
	GlobalSection(SolutionConfigurationPlatforms) = preSolution
		Debug|x64 = Debug|x64
		Debug|x86 = Debug|x86
		Release|x64 = Release|x64
		Release|x86 = Release|x86
	EndGlobalSection
	GlobalSection(ProjectConfigurationPlatforms) = postSolution
		{7EDEC7F4-110E-415F-9022-D48E5F98CBD9}.Debug|x64.ActiveCfg = Debug|x64
		{7EDEC7F4-110E-415F-9022-D48E5F98CBD9}.Debug|x64.Build.0 = Debug|x64
		{7EDEC7F4-110E-415F-9022-D48E5F98CBD9}.Debug|x86.ActiveCfg = Debug|Win32
		{7EDEC7F4-110E-415F-9022-D48E5F98CBD9}.Debug|x86.Build.0 = Debug|Win32
		{7EDEC7F4-110E-415F-9022-D48E5F98CBD9}.Release|x64.ActiveCfg = Release|x64
		{7EDEC7F4-110E-415F-9022-D48E5F98CBD9}.Release|x64.Build.0 = Release|x64
		{7EDEC7F4-110E-415F-9022-D48E5F98CBD9}.Release|x86.ActiveCfg = Release|Win32
		{7EDEC7F4-110E-415F-9022-D48E5F98CBD9}.Release|x86.Build.0 = Release|Win32
	EndGlobalSection
	GlobalSection(SolutionProperties) = preSolution
		HideSolutionNode = FALSE
	EndGlobalSection
	GlobalSection(ExtensibilityGlobals) = postSolution
		SolutionGuid = {CF736624-60BB-4F79-AD08-7FC090FA0757}
	EndGlobalSection
EndGlobal
