
Microsoft Visual Studio Solution File, Format Version 12.00
# Visual Studio Version 16
VisualStudioVersion = 16.0.34301.259
MinimumVisualStudioVersion = 10.0.40219.1
Project("{8BC9CEB8-8B4A-11D0-8D11-00A0C91BC942}") = "15.29类和对象_继承中的对象模型", "15.29类和对象_继承中的对象模型.vcxproj", "{11171DDB-966A-4344-B061-29ED255A9134}"
EndProject
Global
	GlobalSection(SolutionConfigurationPlatforms) = preSolution
		Debug|x64 = Debug|x64
		Debug|x86 = Debug|x86
		Release|x64 = Release|x64
		Release|x86 = Release|x86
	EndGlobalSection
	GlobalSection(ProjectConfigurationPlatforms) = postSolution
		{11171DDB-966A-4344-B061-29ED255A9134}.Debug|x64.ActiveCfg = Debug|x64
		{11171DDB-966A-4344-B061-29ED255A9134}.Debug|x64.Build.0 = Debug|x64
		{11171DDB-966A-4344-B061-29ED255A9134}.Debug|x86.ActiveCfg = Debug|Win32
		{11171DDB-966A-4344-B061-29ED255A9134}.Debug|x86.Build.0 = Debug|Win32
		{11171DDB-966A-4344-B061-29ED255A9134}.Release|x64.ActiveCfg = Release|x64
		{11171DDB-966A-4344-B061-29ED255A9134}.Release|x64.Build.0 = Release|x64
		{11171DDB-966A-4344-B061-29ED255A9134}.Release|x86.ActiveCfg = Release|Win32
		{11171DDB-966A-4344-B061-29ED255A9134}.Release|x86.Build.0 = Release|Win32
	EndGlobalSection
	GlobalSection(SolutionProperties) = preSolution
		HideSolutionNode = FALSE
	EndGlobalSection
	GlobalSection(ExtensibilityGlobals) = postSolution
		SolutionGuid = {D67F5BBC-F902-45DB-BB1E-BD5DAC48DB4F}
	EndGlobalSection
EndGlobal
