
Microsoft Visual Studio Solution File, Format Version 12.00
# Visual Studio Version 16
VisualStudioVersion = 16.0.34301.259
MinimumVisualStudioVersion = 10.0.40219.1
Project("{8BC9CEB8-8B4A-11D0-8D11-00A0C91BC942}") = "05选择语句", "05选择语句\05选择语句.vcxproj", "{2275D429-F69D-4D4F-B5FC-EC485F83D119}"
EndProject
Global
	GlobalSection(SolutionConfigurationPlatforms) = preSolution
		Debug|x64 = Debug|x64
		Debug|x86 = Debug|x86
		Release|x64 = Release|x64
		Release|x86 = Release|x86
	EndGlobalSection
	GlobalSection(ProjectConfigurationPlatforms) = postSolution
		{2275D429-F69D-4D4F-B5FC-EC485F83D119}.Debug|x64.ActiveCfg = Debug|x64
		{2275D429-F69D-4D4F-B5FC-EC485F83D119}.Debug|x64.Build.0 = Debug|x64
		{2275D429-F69D-4D4F-B5FC-EC485F83D119}.Debug|x86.ActiveCfg = Debug|Win32
		{2275D429-F69D-4D4F-B5FC-EC485F83D119}.Debug|x86.Build.0 = Debug|Win32
		{2275D429-F69D-4D4F-B5FC-EC485F83D119}.Release|x64.ActiveCfg = Release|x64
		{2275D429-F69D-4D4F-B5FC-EC485F83D119}.Release|x64.Build.0 = Release|x64
		{2275D429-F69D-4D4F-B5FC-EC485F83D119}.Release|x86.ActiveCfg = Release|Win32
		{2275D429-F69D-4D4F-B5FC-EC485F83D119}.Release|x86.Build.0 = Release|Win32
	EndGlobalSection
	GlobalSection(SolutionProperties) = preSolution
		HideSolutionNode = FALSE
	EndGlobalSection
	GlobalSection(ExtensibilityGlobals) = postSolution
		SolutionGuid = {1FED095D-3A3E-4B2E-B3BB-70CBEBB38167}
	EndGlobalSection
EndGlobal
