
Microsoft Visual Studio Solution File, Format Version 12.00
# Visual Studio Version 16
VisualStudioVersion = 16.0.34301.259
MinimumVisualStudioVersion = 10.0.40219.1
Project("{8BC9CEB8-8B4A-11D0-8D11-00A0C91BC942}") = "15.8类和对象_函数分类与调用", "15.8类和对象_函数分类与调用.vcxproj", "{137ED766-9A8E-4DFC-B04F-DD53AAA97D60}"
EndProject
Global
	GlobalSection(SolutionConfigurationPlatforms) = preSolution
		Debug|x64 = Debug|x64
		Debug|x86 = Debug|x86
		Release|x64 = Release|x64
		Release|x86 = Release|x86
	EndGlobalSection
	GlobalSection(ProjectConfigurationPlatforms) = postSolution
		{137ED766-9A8E-4DFC-B04F-DD53AAA97D60}.Debug|x64.ActiveCfg = Debug|x64
		{137ED766-9A8E-4DFC-B04F-DD53AAA97D60}.Debug|x64.Build.0 = Debug|x64
		{137ED766-9A8E-4DFC-B04F-DD53AAA97D60}.Debug|x86.ActiveCfg = Debug|Win32
		{137ED766-9A8E-4DFC-B04F-DD53AAA97D60}.Debug|x86.Build.0 = Debug|Win32
		{137ED766-9A8E-4DFC-B04F-DD53AAA97D60}.Release|x64.ActiveCfg = Release|x64
		{137ED766-9A8E-4DFC-B04F-DD53AAA97D60}.Release|x64.Build.0 = Release|x64
		{137ED766-9A8E-4DFC-B04F-DD53AAA97D60}.Release|x86.ActiveCfg = Release|Win32
		{137ED766-9A8E-4DFC-B04F-DD53AAA97D60}.Release|x86.Build.0 = Release|Win32
	EndGlobalSection
	GlobalSection(SolutionProperties) = preSolution
		HideSolutionNode = FALSE
	EndGlobalSection
	GlobalSection(ExtensibilityGlobals) = postSolution
		SolutionGuid = {DC67BE54-24D3-47C7-B800-329CD96A347B}
	EndGlobalSection
EndGlobal
