
Microsoft Visual Studio Solution File, Format Version 12.00
# Visual Studio Version 16
VisualStudioVersion = 16.0.34301.259
MinimumVisualStudioVersion = 10.0.40219.1
Project("{8BC9CEB8-8B4A-11D0-8D11-00A0C91BC942}") = "28.1一元谓词", "28.1一元谓词.vcxproj", "{1EC02443-C0D4-4D51-9D5D-87074FE4D706}"
EndProject
Global
	GlobalSection(SolutionConfigurationPlatforms) = preSolution
		Debug|x64 = Debug|x64
		Debug|x86 = Debug|x86
		Release|x64 = Release|x64
		Release|x86 = Release|x86
	EndGlobalSection
	GlobalSection(ProjectConfigurationPlatforms) = postSolution
		{1EC02443-C0D4-4D51-9D5D-87074FE4D706}.Debug|x64.ActiveCfg = Debug|x64
		{1EC02443-C0D4-4D51-9D5D-87074FE4D706}.Debug|x64.Build.0 = Debug|x64
		{1EC02443-C0D4-4D51-9D5D-87074FE4D706}.Debug|x86.ActiveCfg = Debug|Win32
		{1EC02443-C0D4-4D51-9D5D-87074FE4D706}.Debug|x86.Build.0 = Debug|Win32
		{1EC02443-C0D4-4D51-9D5D-87074FE4D706}.Release|x64.ActiveCfg = Release|x64
		{1EC02443-C0D4-4D51-9D5D-87074FE4D706}.Release|x64.Build.0 = Release|x64
		{1EC02443-C0D4-4D51-9D5D-87074FE4D706}.Release|x86.ActiveCfg = Release|Win32
		{1EC02443-C0D4-4D51-9D5D-87074FE4D706}.Release|x86.Build.0 = Release|Win32
	EndGlobalSection
	GlobalSection(SolutionProperties) = preSolution
		HideSolutionNode = FALSE
	EndGlobalSection
	GlobalSection(ExtensibilityGlobals) = postSolution
		SolutionGuid = {84E9EAB0-315F-4C11-82E0-F029678B04E9}
	EndGlobalSection
EndGlobal
