
Microsoft Visual Studio Solution File, Format Version 12.00
# Visual Studio Version 16
VisualStudioVersion = 16.0.34301.259
MinimumVisualStudioVersion = 10.0.40219.1
Project("{8BC9CEB8-8B4A-11D0-8D11-00A0C91BC942}") = "30.1常用遍历算法", "30.1常用遍历算法.vcxproj", "{0453CF93-7CF1-4448-96FD-EBF55DCEDD1D}"
EndProject
Global
	GlobalSection(SolutionConfigurationPlatforms) = preSolution
		Debug|x64 = Debug|x64
		Debug|x86 = Debug|x86
		Release|x64 = Release|x64
		Release|x86 = Release|x86
	EndGlobalSection
	GlobalSection(ProjectConfigurationPlatforms) = postSolution
		{0453CF93-7CF1-4448-96FD-EBF55DCEDD1D}.Debug|x64.ActiveCfg = Debug|x64
		{0453CF93-7CF1-4448-96FD-EBF55DCEDD1D}.Debug|x64.Build.0 = Debug|x64
		{0453CF93-7CF1-4448-96FD-EBF55DCEDD1D}.Debug|x86.ActiveCfg = Debug|Win32
		{0453CF93-7CF1-4448-96FD-EBF55DCEDD1D}.Debug|x86.Build.0 = Debug|Win32
		{0453CF93-7CF1-4448-96FD-EBF55DCEDD1D}.Release|x64.ActiveCfg = Release|x64
		{0453CF93-7CF1-4448-96FD-EBF55DCEDD1D}.Release|x64.Build.0 = Release|x64
		{0453CF93-7CF1-4448-96FD-EBF55DCEDD1D}.Release|x86.ActiveCfg = Release|Win32
		{0453CF93-7CF1-4448-96FD-EBF55DCEDD1D}.Release|x86.Build.0 = Release|Win32
	EndGlobalSection
	GlobalSection(SolutionProperties) = preSolution
		HideSolutionNode = FALSE
	EndGlobalSection
	GlobalSection(ExtensibilityGlobals) = postSolution
		SolutionGuid = {6447A89D-6E9A-40F3-A464-76CFF3EE4C52}
	EndGlobalSection
EndGlobal
