
Microsoft Visual Studio Solution File, Format Version 12.00
# Visual Studio Version 16
VisualStudioVersion = 16.0.34301.259
MinimumVisualStudioVersion = 10.0.40219.1
Project("{8BC9CEB8-8B4A-11D0-8D11-00A0C91BC942}") = "26.2map容器的大小和交换", "26.2map容器的大小和交换.vcxproj", "{5DA2A2DD-190C-41D9-B49E-2FB301EC8EE6}"
EndProject
Global
	GlobalSection(SolutionConfigurationPlatforms) = preSolution
		Debug|x64 = Debug|x64
		Debug|x86 = Debug|x86
		Release|x64 = Release|x64
		Release|x86 = Release|x86
	EndGlobalSection
	GlobalSection(ProjectConfigurationPlatforms) = postSolution
		{5DA2A2DD-190C-41D9-B49E-2FB301EC8EE6}.Debug|x64.ActiveCfg = Debug|x64
		{5DA2A2DD-190C-41D9-B49E-2FB301EC8EE6}.Debug|x64.Build.0 = Debug|x64
		{5DA2A2DD-190C-41D9-B49E-2FB301EC8EE6}.Debug|x86.ActiveCfg = Debug|Win32
		{5DA2A2DD-190C-41D9-B49E-2FB301EC8EE6}.Debug|x86.Build.0 = Debug|Win32
		{5DA2A2DD-190C-41D9-B49E-2FB301EC8EE6}.Release|x64.ActiveCfg = Release|x64
		{5DA2A2DD-190C-41D9-B49E-2FB301EC8EE6}.Release|x64.Build.0 = Release|x64
		{5DA2A2DD-190C-41D9-B49E-2FB301EC8EE6}.Release|x86.ActiveCfg = Release|Win32
		{5DA2A2DD-190C-41D9-B49E-2FB301EC8EE6}.Release|x86.Build.0 = Release|Win32
	EndGlobalSection
	GlobalSection(SolutionProperties) = preSolution
		HideSolutionNode = FALSE
	EndGlobalSection
	GlobalSection(ExtensibilityGlobals) = postSolution
		SolutionGuid = {265A741A-E36E-4455-BC97-206E75171ABD}
	EndGlobalSection
EndGlobal
