
Microsoft Visual Studio Solution File, Format Version 12.00
# Visual Studio Version 16
VisualStudioVersion = 16.0.34301.259
MinimumVisualStudioVersion = 10.0.40219.1
Project("{8BC9CEB8-8B4A-11D0-8D11-00A0C91BC942}") = "15.30类和对象_继承中构造和析构的顺序", "15.30类和对象_继承中构造和析构的顺序.vcxproj", "{057963C9-EE32-49A6-A418-203285FAB510}"
EndProject
Global
	GlobalSection(SolutionConfigurationPlatforms) = preSolution
		Debug|x64 = Debug|x64
		Debug|x86 = Debug|x86
		Release|x64 = Release|x64
		Release|x86 = Release|x86
	EndGlobalSection
	GlobalSection(ProjectConfigurationPlatforms) = postSolution
		{057963C9-EE32-49A6-A418-203285FAB510}.Debug|x64.ActiveCfg = Debug|x64
		{057963C9-EE32-49A6-A418-203285FAB510}.Debug|x64.Build.0 = Debug|x64
		{057963C9-EE32-49A6-A418-203285FAB510}.Debug|x86.ActiveCfg = Debug|Win32
		{057963C9-EE32-49A6-A418-203285FAB510}.Debug|x86.Build.0 = Debug|Win32
		{057963C9-EE32-49A6-A418-203285FAB510}.Release|x64.ActiveCfg = Release|x64
		{057963C9-EE32-49A6-A418-203285FAB510}.Release|x64.Build.0 = Release|x64
		{057963C9-EE32-49A6-A418-203285FAB510}.Release|x86.ActiveCfg = Release|Win32
		{057963C9-EE32-49A6-A418-203285FAB510}.Release|x86.Build.0 = Release|Win32
	EndGlobalSection
	GlobalSection(SolutionProperties) = preSolution
		HideSolutionNode = FALSE
	EndGlobalSection
	GlobalSection(ExtensibilityGlobals) = postSolution
		SolutionGuid = {1BE5CC5C-8466-4BAE-BAD8-FFFA898F17A3}
	EndGlobalSection
EndGlobal
