
Microsoft Visual Studio Solution File, Format Version 12.00
# Visual Studio Version 16
VisualStudioVersion = 16.0.34301.259
MinimumVisualStudioVersion = 10.0.40219.1
Project("{8BC9CEB8-8B4A-11D0-8D11-00A0C91BC942}") = "15.6类和对象 案例2_点和圆的关系", "15.6类和对象 案例2_点和圆的关系.vcxproj", "{E206F78A-A788-4E67-BA88-065B79907D72}"
EndProject
Global
	GlobalSection(SolutionConfigurationPlatforms) = preSolution
		Debug|x64 = Debug|x64
		Debug|x86 = Debug|x86
		Release|x64 = Release|x64
		Release|x86 = Release|x86
	EndGlobalSection
	GlobalSection(ProjectConfigurationPlatforms) = postSolution
		{E206F78A-A788-4E67-BA88-065B79907D72}.Debug|x64.ActiveCfg = Debug|x64
		{E206F78A-A788-4E67-BA88-065B79907D72}.Debug|x64.Build.0 = Debug|x64
		{E206F78A-A788-4E67-BA88-065B79907D72}.Debug|x86.ActiveCfg = Debug|Win32
		{E206F78A-A788-4E67-BA88-065B79907D72}.Debug|x86.Build.0 = Debug|Win32
		{E206F78A-A788-4E67-BA88-065B79907D72}.Release|x64.ActiveCfg = Release|x64
		{E206F78A-A788-4E67-BA88-065B79907D72}.Release|x64.Build.0 = Release|x64
		{E206F78A-A788-4E67-BA88-065B79907D72}.Release|x86.ActiveCfg = Release|Win32
		{E206F78A-A788-4E67-BA88-065B79907D72}.Release|x86.Build.0 = Release|Win32
	EndGlobalSection
	GlobalSection(SolutionProperties) = preSolution
		HideSolutionNode = FALSE
	EndGlobalSection
	GlobalSection(ExtensibilityGlobals) = postSolution
		SolutionGuid = {365CDD76-8BDF-40EB-B5CB-BA50920A83CD}
	EndGlobalSection
EndGlobal
